
Microsoft Visual Studio Solution File, Format Version 12.00
# Visual Studio Version 16
VisualStudioVersion = 16.0.31515.178
MinimumVisualStudioVersion = 10.0.40219.1
Project("{FAE04EC0-301F-11D3-BF4B-00C04F79EFBC}") = "SteamAchievementSound", "SteamAchievementSound\SteamAchievementSound.csproj", "{0E569710-6FC5-4F04-881C-F836C3DE62CB}"
EndProject
Global
	GlobalSection(SolutionConfigurationPlatforms) = preSolution
		Debug|Any CPU = Debug|Any CPU
		Release|Any CPU = Release|Any CPU
	EndGlobalSection
	GlobalSection(ProjectConfigurationPlatforms) = postSolution
		{0E569710-6FC5-4F04-881C-F836C3DE62CB}.Debug|Any CPU.ActiveCfg = Debug|Any CPU
		{0E569710-6FC5-4F04-881C-F836C3DE62CB}.Debug|Any CPU.Build.0 = Debug|Any CPU
		{0E569710-6FC5-4F04-881C-F836C3DE62CB}.Release|Any CPU.ActiveCfg = Release|Any CPU
		{0E569710-6FC5-4F04-881C-F836C3DE62CB}.Release|Any CPU.Build.0 = Release|Any CPU
	EndGlobalSection
	GlobalSection(SolutionProperties) = preSolution
		HideSolutionNode = FALSE
	EndGlobalSection
	GlobalSection(ExtensibilityGlobals) = postSolution
		SolutionGuid = {1B234DB5-FEC9-4618-A154-8E02746D1A02}
	EndGlobalSection
EndGlobal
